Microsoft Visual Studio Solution File, Format Version 12.00
# Visual Studio Version 17
VisualStudioVersion = 17.5.2.0
MinimumVisualStudioVersion = 10.0.40219.1
Project("{FAE04EC0-301F-11D3-BF4B-00C04F79EFBC}") = "MyFirstCLIApp", "MyFirstCLIApp.csproj", "{5EB2738D-666D-A243-4319-F4F197843A38}"
EndProject
Global
	GlobalSection(SolutionConfigurationPlatforms) = preSolution
		Debug|Any CPU = Debug|Any CPU
		Release|Any CPU = Release|Any CPU
	EndGlobalSection
	GlobalSection(ProjectConfigurationPlatforms) = postSolution
		{5EB2738D-666D-A243-4319-F4F197843A38}.Debug|Any CPU.ActiveCfg = Debug|Any CPU
		{5EB2738D-666D-A243-4319-F4F197843A38}.Debug|Any CPU.Build.0 = Debug|Any CPU
		{5EB2738D-666D-A243-4319-F4F197843A38}.Release|Any CPU.ActiveCfg = Release|Any CPU
		{5EB2738D-666D-A243-4319-F4F197843A38}.Release|Any CPU.Build.0 = Release|Any CPU
	EndGlobalSection
	GlobalSection(SolutionProperties) = preSolution
		HideSolutionNode = FALSE
	EndGlobalSection
	GlobalSection(ExtensibilityGlobals) = postSolution
		SolutionGuid = {3ED11288-F5A6-4632-9346-E862853AC67C}
	EndGlobalSection
EndGlobal
